{
  "originHash" : "2ff465bdaee4be07788ea1258a9e7c5c557d8e02abfa5871dfc6cb3b79e2685e",
  "pins" : [
    {
      "identity" : "database-framework",
      "kind" : "remoteSourceControl",
      "location" : "https://github.com/1amageek/database-framework.git",
      "state" : {
        "branch" : "main",
        "revision" : "f4e5f35b371dc9f2145bda7792f35fd945f22c54"
      }
    },
    {
      "identity" : "database-kit",
      "kind" : "remoteSourceControl",
      "location" : "https://github.com/1amageek/database-kit.git",
      "state" : {
        "revision" : "092e90b591cf3a4836bb0509672bf8d5f50a790f",
        "version" : "26.411.2"
      }
    },
    {
      "identity" : "fdb-swift-bindings",
      "kind" : "remoteSourceControl",
      "location" : "https://github.com/1amageek/fdb-swift-bindings.git",
      "state" : {
        "revision" : "cfa638d6801ebf1853278b5884564949c40be4fa",
        "version" : "0.1.0"
      }
    },
    {
      "identity" : "postgres-nio",
      "kind" : "remoteSourceControl",
      "location" : "https://github.com/vapor/postgres-nio.git",
      "state" : {
        "revision" : "26b1d6825e7101ec4118fc208aa4574442319792",
        "version" : "1.32.2"
      }
    },
    {
      "identity" : "storage-kit",
      "kind" : "remoteSourceControl",
      "location" : "https://github.com/1amageek/storage-kit.git",
      "state" : {
        "branch" : "main",
        "revision" : "cd04861c57182e207b8056e06d93c1b18deeeb5e"
      }
    },
    {
      "identity" : "swift-argument-parser",
      "kind" : "remoteSourceControl",
      "location" : "https://github.com/apple/swift-argument-parser.git",
      "state" : {
        "revision" : "626b5b7b2f45e1b0b1c6f4a309296d1d21d7311b",
        "version" : "1.7.1"
      }
    },
    {
      "identity" : "swift-asn1",
      "kind" : "remoteSourceControl",
      "location" : "https://github.com/apple/swift-asn1.git",
      "state" : {
        "revision" : "9f542610331815e29cc3821d3b6f488db8715517",
        "version" : "1.6.0"
      }
    },
    {
      "identity" : "swift-async-algorithms",
      "kind" : "remoteSourceControl",
      "location" : "https://github.com/apple/swift-async-algorithms.git",
      "state" : {
        "revision" : "9d349bcc328ac3c31ce40e746b5882742a0d1272",
        "version" : "1.1.3"
      }
    },
    {
      "identity" : "swift-atomics",
      "kind" : "remoteSourceControl",
      "location" : "https://github.com/apple/swift-atomics.git",
      "state" : {
        "revision" : "b601256eab081c0f92f059e12818ac1d4f178ff7",
        "version" : "1.3.0"
      }
    },
    {
      "identity" : "swift-collections",
      "kind" : "remoteSourceControl",
      "location" : "https://github.com/apple/swift-collections",
      "state" : {
        "revision" : "6675bc0ff86e61436e615df6fc5174e043e57924",
        "version" : "1.4.1"
      }
    },
    {
      "identity" : "swift-configuration",
      "kind" : "remoteSourceControl",
      "location" : "https://github.com/apple/swift-configuration.git",
      "state" : {
        "revision" : "be76c4ad929eb6c4bcaf3351799f2adf9e6848a9",
        "version" : "1.2.0"
      }
    },
    {
      "identity" : "swift-crypto",
      "kind" : "remoteSourceControl",
      "location" : "https://github.com/apple/swift-crypto.git",
      "state" : {
        "revision" : "bb4ba815dab96d4edc1e0b86d7b9acf9ff973a84",
        "version" : "4.3.1"
      }
    },
    {
      "identity" : "swift-hnsw",
      "kind" : "remoteSourceControl",
      "location" : "https://github.com/1amageek/swift-hnsw.git",
      "state" : {
        "revision" : "73ffbc10b587ca1c1c9203a580b8d4de7878a26e",
        "version" : "0.4.0"
      }
    },
    {
      "identity" : "swift-hoot",
      "kind" : "remoteSourceControl",
      "location" : "https://github.com/hoot-format/swift-hoot.git",
      "state" : {
        "revision" : "01e47a265ecfc6590f9b2a124ed993bec896731a",
        "version" : "0.3.0"
      }
    },
    {
      "identity" : "swift-log",
      "kind" : "remoteSourceControl",
      "location" : "https://github.com/apple/swift-log.git",
      "state" : {
        "revision" : "8c0f217f01000dd30f60d6e536569ad4e74291f9",
        "version" : "1.11.0"
      }
    },
    {
      "identity" : "swift-metrics",
      "kind" : "remoteSourceControl",
      "location" : "https://github.com/apple/swift-metrics.git",
      "state" : {
        "revision" : "f17c111cec972c2a4922cef38cf64f76f7e87886",
        "version" : "2.8.0"
      }
    },
    {
      "identity" : "swift-nio",
      "kind" : "remoteSourceControl",
      "location" : "https://github.com/apple/swift-nio.git",
      "state" : {
        "revision" : "558f24a4647193b5a0e2104031b71c55d31ff83a",
        "version" : "2.97.1"
      }
    },
    {
      "identity" : "swift-nio-ssl",
      "kind" : "remoteSourceControl",
      "location" : "https://github.com/apple/swift-nio-ssl.git",
      "state" : {
        "revision" : "df9c3406028e3297246e6e7081977a167318b692",
        "version" : "2.36.1"
      }
    },
    {
      "identity" : "swift-nio-transport-services",
      "kind" : "remoteSourceControl",
      "location" : "https://github.com/apple/swift-nio-transport-services.git",
      "state" : {
        "revision" : "60c3e187154421171721c1a38e800b390680fb5d",
        "version" : "1.26.0"
      }
    },
    {
      "identity" : "swift-service-lifecycle",
      "kind" : "remoteSourceControl",
      "location" : "https://github.com/swift-server/swift-service-lifecycle",
      "state" : {
        "revision" : "9829955b385e5bb88128b73f1b8389e9b9c3191a",
        "version" : "2.11.0"
      }
    },
    {
      "identity" : "swift-syntax",
      "kind" : "remoteSourceControl",
      "location" : "https://github.com/swiftlang/swift-syntax.git",
      "state" : {
        "revision" : "4799286537280063c85a32f09884cfbca301b1a1",
        "version" : "602.0.0"
      }
    },
    {
      "identity" : "swift-system",
      "kind" : "remoteSourceControl",
      "location" : "https://github.com/apple/swift-system",
      "state" : {
        "revision" : "7c6ad0fc39d0763e0b699210e4124afd5041c5df",
        "version" : "1.6.4"
      }
    },
    {
      "identity" : "swift-yaml",
      "kind" : "remoteSourceControl",
      "location" : "https://github.com/1amageek/swift-yaml.git",
      "state" : {
        "branch" : "main",
        "revision" : "8a33d36bca390d9518d5f7e483cbbaa011da5f76"
      }
    }
  ],
  "version" : 3
}
